{
  "pins" : [
    {
      "identity" : "ananda",
      "kind" : "remoteSourceControl",
      "location" : "https://github.com/nixzhu/Ananda.git",
      "state" : {
        "revision" : "ca4d4dc97e6518305d92813af2588599a6118484"
      }
    },
    {
      "identity" : "jjliso8601dateformatter",
      "kind" : "remoteSourceControl",
      "location" : "https://github.com/michaeleisel/JJLISO8601DateFormatter.git",
      "state" : {
        "revision" : "741a9e45db01148a8ac60c5e12f7c978181a22d3",
        "version" : "0.1.8"
      }
    },
    {
      "identity" : "swift-syntax",
      "kind" : "remoteSourceControl",
      "location" : "https://github.com/apple/swift-syntax.git",
      "state" : {
        "revision" : "303e5c5c36d6a558407d364878df131c3546fad8",
        "version" : "510.0.2"
      }
    },
    {
      "identity" : "yyjson",
      "kind" : "remoteSourceControl",
      "location" : "https://github.com/ibireme/yyjson.git",
      "state" : {
        "revision" : "b21c02904188add942d3c7cd4885422e4335f115",
        "version" : "0.9.0"
      }
    }
  ],
  "version" : 2
}
